
Microsoft Visual Studio Solution File, Format Version 12.00
# Visual Studio Version 16
VisualStudioVersion = 16.0.33801.447
MinimumVisualStudioVersion = 10.0.40219.1
Project("{FAE04EC0-301F-11D3-BF4B-00C04F79EFBC}") = "state", "state\state.csproj", "{174675FD-8BE3-4FD7-A8AA-30F484D23964}"
EndProject
Global
	GlobalSection(SolutionConfigurationPlatforms) = preSolution
		Debug|Any CPU = Debug|Any CPU
		Release|Any CPU = Release|Any CPU
	EndGlobalSection
	GlobalSection(ProjectConfigurationPlatforms) = postSolution
		{174675FD-8BE3-4FD7-A8AA-30F484D23964}.Debug|Any CPU.ActiveCfg = Debug|Any CPU
		{174675FD-8BE3-4FD7-A8AA-30F484D23964}.Debug|Any CPU.Build.0 = Debug|Any CPU
		{174675FD-8BE3-4FD7-A8AA-30F484D23964}.Release|Any CPU.ActiveCfg = Release|Any CPU
		{174675FD-8BE3-4FD7-A8AA-30F484D23964}.Release|Any CPU.Build.0 = Release|Any CPU
	EndGlobalSection
	GlobalSection(SolutionProperties) = preSolution
		HideSolutionNode = FALSE
	EndGlobalSection
	GlobalSection(ExtensibilityGlobals) = postSolution
		SolutionGuid = {D5C81737-9D07-4CBA-A60B-B469B210B120}
	EndGlobalSection
EndGlobal
